
Microsoft Visual Studio Solution File, Format Version 12.00
# Visual Studio Version 17
VisualStudioVersion = 17.2.32616.157
MinimumVisualStudioVersion = 10.0.40219.1
Project("{FAE04EC0-301F-11D3-BF4B-00C04F79EFBC}") = "3_1_25", "3_1_25.csproj", "{6CFB3922-074E-4108-9D1C-3C0AC9CC666D}"
EndProject
Global
	GlobalSection(SolutionConfigurationPlatforms) = preSolution
		Debug|Any CPU = Debug|Any CPU
		Release|Any CPU = Release|Any CPU
	EndGlobalSection
	GlobalSection(ProjectConfigurationPlatforms) = postSolution
		{6CFB3922-074E-4108-9D1C-3C0AC9CC666D}.Debug|Any CPU.ActiveCfg = Debug|Any CPU
		{6CFB3922-074E-4108-9D1C-3C0AC9CC666D}.Debug|Any CPU.Build.0 = Debug|Any CPU
		{6CFB3922-074E-4108-9D1C-3C0AC9CC666D}.Release|Any CPU.ActiveCfg = Release|Any CPU
		{6CFB3922-074E-4108-9D1C-3C0AC9CC666D}.Release|Any CPU.Build.0 = Release|Any CPU
	EndGlobalSection
	GlobalSection(SolutionProperties) = preSolution
		HideSolutionNode = FALSE
	EndGlobalSection
	GlobalSection(ExtensibilityGlobals) = postSolution
		SolutionGuid = {442F65AE-AB7E-4C2B-B2C1-BDCC357C0B2A}
	EndGlobalSection
EndGlobal
